
Microsoft Visual Studio Solution File, Format Version 12.00
# Visual Studio Version 17
VisualStudioVersion = 17.14.36121.58 d17.14
MinimumVisualStudioVersion = 10.0.40219.1
Project("{FAE04EC0-301F-11D3-BF4B-00C04F79EFBC}") = "BookStore.API", "BookStore.API\BookStore.API.csproj", "{9E20D1F6-4C8E-47A3-B015-581A40AC9BD2}"
EndProject
Global
	GlobalSection(SolutionConfigurationPlatforms) = preSolution
		Debug|Any CPU = Debug|Any CPU
		Release|Any CPU = Release|Any CPU
	EndGlobalSection
	GlobalSection(ProjectConfigurationPlatforms) = postSolution
		{9E20D1F6-4C8E-47A3-B015-581A40AC9BD2}.Debug|Any CPU.ActiveCfg = Debug|Any CPU
		{9E20D1F6-4C8E-47A3-B015-581A40AC9BD2}.Debug|Any CPU.Build.0 = Debug|Any CPU
		{9E20D1F6-4C8E-47A3-B015-581A40AC9BD2}.Release|Any CPU.ActiveCfg = Release|Any CPU
		{9E20D1F6-4C8E-47A3-B015-581A40AC9BD2}.Release|Any CPU.Build.0 = Release|Any CPU
	EndGlobalSection
	GlobalSection(SolutionProperties) = preSolution
		HideSolutionNode = FALSE
	EndGlobalSection
	GlobalSection(ExtensibilityGlobals) = postSolution
		SolutionGuid = {20B6E56F-D8CA-4B32-93B4-7643C48BBB60}
	EndGlobalSection
EndGlobal
